{
    "_readme": [
        "This file locks the dependencies of your project to a known state",
        "Read more about it at https://getcomposer.org/doc/01-basic-usage.md#composer-lock-the-lock-file",
        "This file is @generated automatically"
    ],
    "content-hash": "ff1a0ad0c1a47279faebce2c1a904ce9",
    "packages": [
        {
            "name": "composer/installers",
            "version": "v1.2.0",
            "source": {
                "type": "git",
                "url": "https://github.com/composer/installers.git",
                "reference": "d78064c68299743e0161004f2de3a0204e33b804"
            },
            "dist": {
                "type": "zip",
                "url": "https://api.github.com/repos/composer/installers/zipball/d78064c68299743e0161004f2de3a0204e33b804",
                "reference": "d78064c68299743e0161004f2de3a0204e33b804",
                "shasum": ""
            },
            "require": {
                "composer-plugin-api": "^1.0"
            },
            "replace": {
                "roundcube/plugin-installer": "*",
                "shama/baton": "*"
            },
            "require-dev": {
                "composer/composer": "1.0.*@dev",
                "phpunit/phpunit": "4.1.*"
            },
            "type": "composer-plugin",
            "extra": {
                "class": "Composer\\Installers\\Plugin",
                "branch-alias": {
                    "dev-master": "1.0-dev"
                }
            },
            "autoload": {
                "psr-4": {
                    "Composer\\Installers\\": "src/Composer/Installers"
                }
            },
            "notification-url": "https://packagist.org/downloads/",
            "license": [
                "MIT"
            ],
            "authors": [
                {
                    "name": "Kyle Robinson Young",
                    "email": "kyle@dontkry.com",
                    "homepage": "https://github.com/shama"
                }
            ],
            "description": "A multi-framework Composer library installer",
            "homepage": "https://composer.github.io/installers/",
            "keywords": [
                "Craft",
                "Dolibarr",
                "Hurad",
                "ImageCMS",
                "MODX Evo",
                "Mautic",
                "OXID",
                "Plentymarkets",
                "RadPHP",
                "SMF",
                "Thelia",
                "WolfCMS",
                "agl",
                "aimeos",
                "annotatecms",
                "attogram",
                "bitrix",
                "cakephp",
                "chef",
                "cockpit",
                "codeigniter",
                "concrete5",
                "croogo",
                "dokuwiki",
                "drupal",
                "elgg",
                "expressionengine",
                "fuelphp",
                "grav",
                "installer",
                "joomla",
                "kohana",
                "laravel",
                "lithium",
                "magento",
                "mako",
                "mediawiki",
                "modulework",
                "moodle",
                "phpbb",
                "piwik",
                "ppi",
                "puppet",
                "reindex",
                "roundcube",
                "shopware",
                "silverstripe",
                "symfony",
                "typo3",
                "wordpress",
                "yawik",
                "zend",
                "zikula"
            ],
            "time": "2016-08-13T20:53:52+00:00"
        },
        {
            "name": "deliciousbrains/wp-migrate-db-pro",
            "version": "1.8.1",
            "dist": {
                "type": "zip",
                "url": "https://deliciousbrains.com/dl/wp-migrate-db-pro-latest.zip?licence_key=ec6ae92d-7559-468b-9dc3-ca1bce5d2388&site_url=majacmedical.dev",
                "reference": null,
                "shasum": null
            },
            "type": "wordpress-plugin"
        },
        {
            "name": "deliciousbrains/wp-migrate-db-pro-media-files",
            "version": "1.4.9",
            "dist": {
                "type": "zip",
                "url": "https://deliciousbrains.com/dl/wp-migrate-db-pro-media-files-latest.zip?licence_key=ec6ae92d-7559-468b-9dc3-ca1bce5d2388&site_url=majacmedical.dev",
                "reference": null,
                "shasum": null
            },
            "type": "wordpress-plugin"
        },
        {
            "name": "digitoimistodude/woothemes-updater",
            "version": "1.7.2",
            "source": {
                "type": "git",
                "url": "https://github.com/digitoimistodude/woothemes-updater.git",
                "reference": "d0b7177766626f3ed4ec4be2190388e36d864a3a"
            },
            "dist": {
                "type": "zip",
                "url": "https://api.github.com/repos/digitoimistodude/woothemes-updater/zipball/d0b7177766626f3ed4ec4be2190388e36d864a3a",
                "reference": "d0b7177766626f3ed4ec4be2190388e36d864a3a",
                "shasum": ""
            },
            "type": "wordpress-plugin",
            "notification-url": "https://packagist.org/downloads/",
            "license": [
                "MIT"
            ],
            "authors": [
                {
                    "name": "Roni Laukkarinen",
                    "email": "roni@dude.fi",
                    "homepage": "https://www.dude.fi"
                }
            ],
            "description": "WooThemes Helper for updating WooThemes plugins and lisences via wp-admin.",
            "homepage": "http://docs.woothemes.com/document/woothemes-helper/",
            "keywords": [
                "plugin",
                "woocommerce",
                "wordpress"
            ],
            "time": "2017-05-22T07:35:28+00:00"
        },
        {
            "name": "johnpbloch/wordpress",
            "version": "4.9.4",
            "source": {
                "type": "git",
                "url": "https://github.com/johnpbloch/wordpress.git",
                "reference": "5394373d26a8e304eb293c2a9359701a7ab03131"
            },
            "dist": {
                "type": "zip",
                "url": "https://api.github.com/repos/johnpbloch/wordpress/zipball/5394373d26a8e304eb293c2a9359701a7ab03131",
                "reference": "5394373d26a8e304eb293c2a9359701a7ab03131",
                "shasum": ""
            },
            "require": {
                "johnpbloch/wordpress-core": "4.9.4",
                "johnpbloch/wordpress-core-installer": "^1.0",
                "php": ">=5.3.2"
            },
            "type": "package",
            "notification-url": "https://packagist.org/downloads/",
            "license": [
                "GPL-2.0+"
            ],
            "authors": [
                {
                    "name": "WordPress Community",
                    "homepage": "http://wordpress.org/about/"
                }
            ],
            "description": "WordPress is web software you can use to create a beautiful website or blog.",
            "homepage": "http://wordpress.org/",
            "keywords": [
                "blog",
                "cms",
                "wordpress"
            ],
            "time": "2018-02-06T16:42:18+00:00"
        },
        {
            "name": "johnpbloch/wordpress-core",
            "version": "4.9.4",
            "source": {
                "type": "git",
                "url": "https://github.com/johnpbloch/wordpress-core.git",
                "reference": "eef672cdb4ae9e846c464d4d03684b43d4108eda"
            },
            "dist": {
                "type": "zip",
                "url": "https://api.github.com/repos/johnpbloch/wordpress-core/zipball/eef672cdb4ae9e846c464d4d03684b43d4108eda",
                "reference": "eef672cdb4ae9e846c464d4d03684b43d4108eda",
                "shasum": ""
            },
            "require": {
                "php": ">=5.3.2"
            },
            "provide": {
                "wordpress/core-implementation": "4.9.4"
            },
            "type": "wordpress-core",
            "notification-url": "https://packagist.org/downloads/",
            "license": [
                "GPL-2.0-or-later"
            ],
            "authors": [
                {
                    "name": "WordPress Community",
                    "homepage": "http://wordpress.org/about/"
                }
            ],
            "description": "WordPress is web software you can use to create a beautiful website or blog.",
            "homepage": "http://wordpress.org/",
            "keywords": [
                "blog",
                "cms",
                "wordpress"
            ],
            "time": "2018-02-06T16:42:13+00:00"
        },
        {
            "name": "johnpbloch/wordpress-core-installer",
            "version": "1.0.0.2",
            "source": {
                "type": "git",
                "url": "https://github.com/johnpbloch/wordpress-core-installer.git",
                "reference": "7941acd71725710a789daabe0557429da63e7ac6"
            },
            "dist": {
                "type": "zip",
                "url": "https://api.github.com/repos/johnpbloch/wordpress-core-installer/zipball/7941acd71725710a789daabe0557429da63e7ac6",
                "reference": "7941acd71725710a789daabe0557429da63e7ac6",
                "shasum": ""
            },
            "require": {
                "composer-plugin-api": "^1.0"
            },
            "conflict": {
                "composer/installers": "<1.0.6"
            },
            "require-dev": {
                "composer/composer": "^1.0",
                "phpunit/phpunit": ">=4.8.35"
            },
            "type": "composer-plugin",
            "extra": {
                "class": "johnpbloch\\Composer\\WordPressCorePlugin"
            },
            "autoload": {
                "psr-0": {
                    "johnpbloch\\Composer\\": "src/"
                }
            },
            "notification-url": "https://packagist.org/downloads/",
            "license": [
                "GPL-2.0+"
            ],
            "authors": [
                {
                    "name": "John P. Bloch",
                    "email": "me@johnpbloch.com"
                }
            ],
            "description": "A custom installer to handle deploying WordPress with composer",
            "keywords": [
                "wordpress"
            ],
            "time": "2018-01-29T14:49:29+00:00"
        },
        {
            "name": "mjmcmahon/custom-sidebars",
            "version": "3.1.1",
            "source": {
                "type": "git",
                "url": "git@bitbucket.org:mjmcmahon/custom-sidebars.git",
                "reference": "a4853879372f97f70dff2532f3d1f6f7b2b69bc8"
            },
            "require": {
                "composer/installers": "~1.0",
                "php": ">=5.4"
            },
            "type": "wordpress-plugin",
            "license": [
                "GPLv2 or later"
            ],
            "description": "Allows you to create widgetized areas and custom sidebars.",
            "homepage": "https://wordpress.org/plugins/custom-sidebars/",
            "time": "2017-12-04T20:42:13+00:00"
        },
        {
            "name": "mjmcmahon/homepage-control",
            "version": "2.0.2",
            "source": {
                "type": "git",
                "url": "git@bitbucket.org:mjmcmahon/homepage-control.git",
                "reference": "2ea0688f76db5e57a8138a7aa2a71c7010173464"
            },
            "require": {
                "composer/installers": "~1.0",
                "php": ">=5.3"
            },
            "type": "wordpress-plugin",
            "license": [
                "GPLv2 or later"
            ],
            "description": "Re-order or disable the homepage components in certain themes.",
            "homepage": "http://docs.woothemes.com/document/homepage-control/",
            "time": "2017-05-01T02:09:16+00:00"
        },
        {
            "name": "mjmcmahon/product-enquiry-pro",
            "version": "6.0.3",
            "source": {
                "type": "git",
                "url": "git@bitbucket.org:mjmcmahon/product-enquiry-pro.git",
                "reference": "77c8e46c896329e36e42a19652008d0ad6f11e3a"
            },
            "require": {
                "composer/installers": "~1.0",
                "php": ">=5.3"
            },
            "type": "wordpress-plugin",
            "license": [
                "GPLv2"
            ],
            "description": "Product Enquiry PRO for WooCommerce",
            "homepage": "https://wisdmlabs.com/woocommerce-product-enquiry-pro/",
            "time": "2018-01-17T18:30:18+00:00"
        },
        {
            "name": "mjmcmahon/storefront-mega-menus",
            "version": "1.4.2",
            "source": {
                "type": "git",
                "url": "git@bitbucket.org:mjmcmahon/storefront-mega-menus.git",
                "reference": "bf76f013e6304e2b99562ffb0e34c355846f6ac8"
            },
            "require": {
                "composer/installers": "~1.0",
                "php": ">=5.4"
            },
            "type": "wordpress-plugin",
            "license": [
                "GPLv2 or later"
            ],
            "description": "Create enhanced full width dropdowns that seamlessly tie into your Storefront powered WooCommerce shop.",
            "homepage": "http://woothemes.com/products/storefront-mega-menus/",
            "time": "2017-06-11T22:25:58+00:00"
        },
        {
            "name": "mjmcmahon/storefront-parallax-hero",
            "version": "1.5.4",
            "source": {
                "type": "git",
                "url": "git@bitbucket.org:mjmcmahon/storefront-parallax-hero.git",
                "reference": "09f9dd8926c6b503123eadd94980ded5cc16c758"
            },
            "require": {
                "composer/installers": "~1.0",
                "php": ">=5.4"
            },
            "type": "wordpress-plugin",
            "license": [
                "GPLv2 or later"
            ],
            "description": "Allows you to add a hero component to the homepage template of your Storefront powered web site.",
            "homepage": "https://woocommerce.com/products/storefront-parallax-hero/",
            "time": "2017-05-01T02:06:11+00:00"
        },
        {
            "name": "mjmcmahon/storefront-powerpack",
            "version": "1.4.0",
            "source": {
                "type": "git",
                "url": "git@bitbucket.org:mjmcmahon/storefront-powerpack.git",
                "reference": "5f972e0eae5b12629b932670a17698d263cb070d"
            },
            "require": {
                "composer/installers": "~1.0",
                "php": ">=5.4"
            },
            "type": "wordpress-plugin",
            "license": [
                "GPLv2 or later"
            ],
            "description": "A plugin that enabes the effortless customisation of your Storefront",
            "homepage": "http://woothemes.com/products/storefront-powerpack/",
            "time": "2017-06-11T22:27:22+00:00"
        },
        {
            "name": "mjmcmahon/theme-customisations",
            "version": "1.0.0",
            "source": {
                "type": "git",
                "url": "git@bitbucket.org:mjmcmahon/woo-theme-customisation.git",
                "reference": "9dda62d269528c94b52abad6df4f066d1168d947"
            },
            "require": {
                "composer/installers": "~1.0",
                "php": ">=5.4"
            },
            "type": "wordpress-plugin",
            "license": [
                "GPLv2 or later"
            ],
            "description": "A handy little plugin to contain your theme customisation snippets.",
            "homepage": "http://github.com/woothemes/theme-customisations",
            "time": "2017-05-01T02:05:30+00:00"
        },
        {
            "name": "mjmcmahon/woocommerce-product-search",
            "version": "1.10.2",
            "source": {
                "type": "git",
                "url": "git@bitbucket.org:mjmcmahon/woocommerce-product-search.git",
                "reference": "554799a47279c570eb9c3e5cc059ccf85c9bbb54"
            },
            "require": {
                "composer/installers": "~1.0",
                "php": ">=5.4"
            },
            "type": "wordpress-plugin",
            "license": [
                "GPLv2 or later"
            ],
            "description": "Special product search plugin by Woocommerce",
            "homepage": "https://woocommerce.com/products/woocommerce-product-search/",
            "time": "2017-08-17T15:28:53+00:00"
        },
        {
            "name": "mjmcmahon/woocommerce-products-filter",
            "version": "4.1.0",
            "source": {
                "type": "git",
                "url": "git@bitbucket.org:mjmcmahon/woocommerce-products-filter.git",
                "reference": "11760df8664c637f5bdc90758004c203f1916af5"
            },
            "require": {
                "composer/installers": "~1.0",
                "php": ">=5.4"
            },
            "type": "wordpress-plugin",
            "license": [
                "GPLv2 or later"
            ],
            "description": "Flexible, easy and robust products filter for WooCommerce store site!",
            "homepage": "http://woocommerce-filter.com/",
            "time": "2017-06-10T23:55:02+00:00"
        },
        {
            "name": "mjmcmahon/wp-forms",
            "version": "1.4.2",
            "source": {
                "type": "git",
                "url": "git@bitbucket.org:mjmcmahon/wp-forms.git",
                "reference": "51b54b244d2e1337bcd358e65284a068da59a607"
            },
            "require": {
                "composer/installers": "~1.0",
                "php": ">=5.4"
            },
            "type": "wordpress-plugin",
            "license": [
                "GPLv2 or later"
            ],
            "description": "Drag & Drop WordPress Form Builder.",
            "homepage": "https://wpforms.com/",
            "time": "2017-12-05T17:12:34+00:00"
        },
        {
            "name": "mjmcmahon/yoast-seo-premium",
            "version": "6.0",
            "source": {
                "type": "git",
                "url": "git@bitbucket.org:mjmcmahon/yoast-seo-premium.git",
                "reference": "5a3457e10946953d4410e060cf983e3adf695cb5"
            },
            "require": {
                "composer/installers": "~1.0",
                "php": ">=5.4"
            },
            "type": "wordpress-plugin",
            "license": [
                "GPLv2 or later"
            ],
            "description": "Yoast SEO now also known as Wordpress SEO Premium",
            "homepage": "https://my.yoast.com/downloads",
            "time": "2017-12-29T21:01:05+00:00"
        },
        {
            "name": "oscarotero/env",
            "version": "v1.1.0",
            "source": {
                "type": "git",
                "url": "https://github.com/oscarotero/env.git",
                "reference": "0f676e41d758fa984806c32e27f0cf7afa63d8db"
            },
            "dist": {
                "type": "zip",
                "url": "https://api.github.com/repos/oscarotero/env/zipball/0f676e41d758fa984806c32e27f0cf7afa63d8db",
                "reference": "0f676e41d758fa984806c32e27f0cf7afa63d8db",
                "shasum": ""
            },
            "require": {
                "php": ">=5.2"
            },
            "type": "library",
            "autoload": {
                "psr-0": {
                    "Env": "src/"
                }
            },
            "notification-url": "https://packagist.org/downloads/",
            "license": [
                "MIT"
            ],
            "authors": [
                {
                    "name": "Oscar Otero",
                    "email": "oom@oscarotero.com",
                    "homepage": "http://oscarotero.com",
                    "role": "Developer"
                }
            ],
            "description": "Simple library to consume environment variables",
            "homepage": "https://github.com/oscarotero/env",
            "keywords": [
                "env"
            ],
            "time": "2017-07-17T20:41:59+00:00"
        },
        {
            "name": "roots/soil",
            "version": "3.7.1",
            "source": {
                "type": "git",
                "url": "https://github.com/roots/soil.git",
                "reference": "5b9b9d8a878b295f44b35cba826c462b20cc1d9c"
            },
            "dist": {
                "type": "zip",
                "url": "https://api.github.com/repos/roots/soil/zipball/5b9b9d8a878b295f44b35cba826c462b20cc1d9c",
                "reference": "5b9b9d8a878b295f44b35cba826c462b20cc1d9c",
                "shasum": ""
            },
            "require": {
                "composer/installers": "~1.0",
                "php": ">=5.4.0"
            },
            "require-dev": {
                "squizlabs/php_codesniffer": "^2.5.1"
            },
            "type": "wordpress-plugin",
            "scripts": {
                "test": [
                    "vendor/bin/phpcs --extensions=php --ignore=vendor/ -n -s ."
                ]
            },
            "license": [
                "MIT"
            ],
            "authors": [
                {
                    "name": "Ben Word",
                    "email": "ben@benword.com",
                    "homepage": "https://github.com/retlehs"
                },
                {
                    "name": "Scott Walkinshaw",
                    "email": "scott.walkinshaw@gmail.com",
                    "homepage": "https://github.com/swalkinshaw"
                }
            ],
            "description": "A WordPress plugin which contains a collection of modules to apply theme-agnostic front-end modifications",
            "homepage": "https://roots.io/plugins/soil/",
            "keywords": [
                "wordpress"
            ],
            "support": {
                "issues": "https://github.com/roots/soil/issues",
                "forum": "https://discourse.roots.io/",
                "source": "https://github.com/roots/soil/tree/3.7.1"
            },
            "time": "2016-08-30T18:15:45+00:00"
        },
        {
            "name": "roots/wp-password-bcrypt",
            "version": "1.0.0",
            "source": {
                "type": "git",
                "url": "https://github.com/roots/wp-password-bcrypt.git",
                "reference": "5cecd2e98ccc3193443cc5c5db9b3bc7abed5ffa"
            },
            "dist": {
                "type": "zip",
                "url": "https://api.github.com/repos/roots/wp-password-bcrypt/zipball/5cecd2e98ccc3193443cc5c5db9b3bc7abed5ffa",
                "reference": "5cecd2e98ccc3193443cc5c5db9b3bc7abed5ffa",
                "shasum": ""
            },
            "require": {
                "composer/installers": "~1.0",
                "php": ">=5.5.0"
            },
            "require-dev": {
                "brain/monkey": "^1.3.1",
                "mockery/mockery": "^0.9.4",
                "phpunit/phpunit": "^4.8.23|^5.2.9",
                "squizlabs/php_codesniffer": "^2.5.1"
            },
            "type": "library",
            "autoload": {
                "files": [
                    "wp-password-bcrypt.php"
                ]
            },
            "notification-url": "https://packagist.org/downloads/",
            "license": [
                "MIT"
            ],
            "authors": [
                {
                    "name": "Scott Walkinshaw",
                    "email": "scott.walkinshaw@gmail.com",
                    "homepage": "https://github.com/swalkinshaw"
                },
                {
                    "name": "qwp6t",
                    "homepage": "https://github.com/qwp6t"
                },
                {
                    "name": "Jan Pingel",
                    "email": "jpingel@bitpiston.com",
                    "homepage": "http://janpingel.com"
                }
            ],
            "description": "WordPress plugin which replaces wp_hash_password and wp_check_password's phpass hasher with PHP 5.5's password_hash and password_verify using bcrypt.",
            "homepage": "https://roots.io/plugins/wp-password-bcrypt",
            "keywords": [
                "wordpress wp bcrypt password"
            ],
            "time": "2016-03-01T16:27:06+00:00"
        },
        {
            "name": "vlucas/phpdotenv",
            "version": "v2.4.0",
            "source": {
                "type": "git",
                "url": "https://github.com/vlucas/phpdotenv.git",
                "reference": "3cc116adbe4b11be5ec557bf1d24dc5e3a21d18c"
            },
            "dist": {
                "type": "zip",
                "url": "https://api.github.com/repos/vlucas/phpdotenv/zipball/3cc116adbe4b11be5ec557bf1d24dc5e3a21d18c",
                "reference": "3cc116adbe4b11be5ec557bf1d24dc5e3a21d18c",
                "shasum": ""
            },
            "require": {
                "php": ">=5.3.9"
            },
            "require-dev": {
                "phpunit/phpunit": "^4.8 || ^5.0"
            },
            "type": "library",
            "extra": {
                "branch-alias": {
                    "dev-master": "2.4-dev"
                }
            },
            "autoload": {
                "psr-4": {
                    "Dotenv\\": "src/"
                }
            },
            "notification-url": "https://packagist.org/downloads/",
            "license": [
                "BSD-3-Clause-Attribution"
            ],
            "authors": [
                {
                    "name": "Vance Lucas",
                    "email": "vance@vancelucas.com",
                    "homepage": "http://www.vancelucas.com"
                }
            ],
            "description": "Loads environment variables from `.env` to `getenv()`, `$_ENV` and `$_SERVER` automagically.",
            "keywords": [
                "dotenv",
                "env",
                "environment"
            ],
            "time": "2016-09-01T10:05:43+00:00"
        },
        {
            "name": "wpackagist-plugin/contact-form-7",
            "version": "5.0.1",
            "source": {
                "type": "svn",
                "url": "https://plugins.svn.wordpress.org/contact-form-7/",
                "reference": "tags/5.0.1"
            },
            "dist": {
                "type": "zip",
                "url": "https://downloads.wordpress.org/plugin/contact-form-7.5.0.1.zip",
                "reference": null,
                "shasum": null
            },
            "require": {
                "composer/installers": "~1.0"
            },
            "type": "wordpress-plugin",
            "homepage": "https://wordpress.org/plugins/contact-form-7/"
        },
        {
            "name": "wpackagist-plugin/disable-comments",
            "version": "1.7.1",
            "source": {
                "type": "svn",
                "url": "https://plugins.svn.wordpress.org/disable-comments/",
                "reference": "tags/1.7.1"
            },
            "dist": {
                "type": "zip",
                "url": "https://downloads.wordpress.org/plugin/disable-comments.1.7.1.zip",
                "reference": null,
                "shasum": null
            },
            "require": {
                "composer/installers": "~1.0"
            },
            "type": "wordpress-plugin",
            "homepage": "https://wordpress.org/plugins/disable-comments/"
        },
        {
            "name": "wpackagist-plugin/duracelltomi-google-tag-manager",
            "version": "1.7.2",
            "source": {
                "type": "svn",
                "url": "https://plugins.svn.wordpress.org/duracelltomi-google-tag-manager/",
                "reference": "tags/1.7.2"
            },
            "dist": {
                "type": "zip",
                "url": "https://downloads.wordpress.org/plugin/duracelltomi-google-tag-manager.1.7.2.zip",
                "reference": null,
                "shasum": null
            },
            "require": {
                "composer/installers": "~1.0"
            },
            "type": "wordpress-plugin",
            "homepage": "https://wordpress.org/plugins/duracelltomi-google-tag-manager/"
        },
        {
            "name": "wpackagist-plugin/mailgun",
            "version": "1.5.8.5",
            "source": {
                "type": "svn",
                "url": "https://plugins.svn.wordpress.org/mailgun/",
                "reference": "tags/1.5.8.5"
            },
            "dist": {
                "type": "zip",
                "url": "https://downloads.wordpress.org/plugin/mailgun.1.5.8.5.zip",
                "reference": null,
                "shasum": null
            },
            "require": {
                "composer/installers": "~1.0"
            },
            "type": "wordpress-plugin",
            "homepage": "https://wordpress.org/plugins/mailgun/"
        },
        {
            "name": "wpackagist-plugin/redirection",
            "version": "3.2.1",
            "source": {
                "type": "svn",
                "url": "https://plugins.svn.wordpress.org/redirection/",
                "reference": "tags/3.2.1"
            },
            "dist": {
                "type": "zip",
                "url": "https://downloads.wordpress.org/plugin/redirection.3.2.1.zip",
                "reference": null,
                "shasum": null
            },
            "require": {
                "composer/installers": "~1.0"
            },
            "type": "wordpress-plugin",
            "homepage": "https://wordpress.org/plugins/redirection/"
        },
        {
            "name": "wpackagist-plugin/storefront-title-toggle",
            "version": "1.2.4",
            "source": {
                "type": "svn",
                "url": "https://plugins.svn.wordpress.org/storefront-title-toggle/",
                "reference": "trunk"
            },
            "dist": {
                "type": "zip",
                "url": "https://downloads.wordpress.org/plugin/storefront-title-toggle.zip?timestamp=1508307292",
                "reference": null,
                "shasum": null
            },
            "require": {
                "composer/installers": "~1.0"
            },
            "type": "wordpress-plugin",
            "homepage": "https://wordpress.org/plugins/storefront-title-toggle/"
        },
        {
            "name": "wpackagist-plugin/taxonomy-terms-order",
            "version": "1.5.3.2",
            "source": {
                "type": "svn",
                "url": "https://plugins.svn.wordpress.org/taxonomy-terms-order/",
                "reference": "tags/1.5.3.2"
            },
            "dist": {
                "type": "zip",
                "url": "https://downloads.wordpress.org/plugin/taxonomy-terms-order.1.5.3.2.zip",
                "reference": null,
                "shasum": null
            },
            "require": {
                "composer/installers": "~1.0"
            },
            "type": "wordpress-plugin",
            "homepage": "https://wordpress.org/plugins/taxonomy-terms-order/"
        },
        {
            "name": "wpackagist-plugin/woocommerce",
            "version": "3.2.6",
            "source": {
                "type": "svn",
                "url": "https://plugins.svn.wordpress.org/woocommerce/",
                "reference": "tags/3.2.6"
            },
            "dist": {
                "type": "zip",
                "url": "https://downloads.wordpress.org/plugin/woocommerce.3.2.6.zip",
                "reference": null,
                "shasum": null
            },
            "require": {
                "composer/installers": "~1.0"
            },
            "type": "wordpress-plugin",
            "homepage": "https://wordpress.org/plugins/woocommerce/"
        },
        {
            "name": "wpackagist-plugin/wordfence",
            "version": "6.3.6",
            "source": {
                "type": "svn",
                "url": "https://plugins.svn.wordpress.org/wordfence/",
                "reference": "tags/6.3.6"
            },
            "dist": {
                "type": "zip",
                "url": "https://downloads.wordpress.org/plugin/wordfence.6.3.6.zip",
                "reference": "tags/6.3.6",
                "shasum": null
            },
            "require": {
                "composer/installers": "~1.0"
            },
            "type": "wordpress-plugin",
            "homepage": "https://wordpress.org/plugins/wordfence/"
        }
    ],
    "packages-dev": [
        {
            "name": "squizlabs/php_codesniffer",
            "version": "2.9.1",
            "source": {
                "type": "git",
                "url": "https://github.com/squizlabs/PHP_CodeSniffer.git",
                "reference": "dcbed1074f8244661eecddfc2a675430d8d33f62"
            },
            "dist": {
                "type": "zip",
                "url": "https://api.github.com/repos/squizlabs/PHP_CodeSniffer/zipball/dcbed1074f8244661eecddfc2a675430d8d33f62",
                "reference": "dcbed1074f8244661eecddfc2a675430d8d33f62",
                "shasum": ""
            },
            "require": {
                "ext-simplexml": "*",
                "ext-tokenizer": "*",
                "ext-xmlwriter": "*",
                "php": ">=5.1.2"
            },
            "require-dev": {
                "phpunit/phpunit": "~4.0"
            },
            "bin": [
                "scripts/phpcs",
                "scripts/phpcbf"
            ],
            "type": "library",
            "extra": {
                "branch-alias": {
                    "dev-master": "2.x-dev"
                }
            },
            "autoload": {
                "classmap": [
                    "CodeSniffer.php",
                    "CodeSniffer/CLI.php",
                    "CodeSniffer/Exception.php",
                    "CodeSniffer/File.php",
                    "CodeSniffer/Fixer.php",
                    "CodeSniffer/Report.php",
                    "CodeSniffer/Reporting.php",
                    "CodeSniffer/Sniff.php",
                    "CodeSniffer/Tokens.php",
                    "CodeSniffer/Reports/",
                    "CodeSniffer/Tokenizers/",
                    "CodeSniffer/DocGenerators/",
                    "CodeSniffer/Standards/AbstractPatternSniff.php",
                    "CodeSniffer/Standards/AbstractScopeSniff.php",
                    "CodeSniffer/Standards/AbstractVariableSniff.php",
                    "CodeSniffer/Standards/IncorrectPatternException.php",
                    "CodeSniffer/Standards/Generic/Sniffs/",
                    "CodeSniffer/Standards/MySource/Sniffs/",
                    "CodeSniffer/Standards/PEAR/Sniffs/",
                    "CodeSniffer/Standards/PSR1/Sniffs/",
                    "CodeSniffer/Standards/PSR2/Sniffs/",
                    "CodeSniffer/Standards/Squiz/Sniffs/",
                    "CodeSniffer/Standards/Zend/Sniffs/"
                ]
            },
            "notification-url": "https://packagist.org/downloads/",
            "license": [
                "BSD-3-Clause"
            ],
            "authors": [
                {
                    "name": "Greg Sherwood",
                    "role": "lead"
                }
            ],
            "description": "PHP_CodeSniffer tokenizes PHP, JavaScript and CSS files and detects violations of a defined set of coding standards.",
            "homepage": "http://www.squizlabs.com/php-codesniffer",
            "keywords": [
                "phpcs",
                "standards"
            ],
            "time": "2017-05-22T02:43:20+00:00"
        },
        {
            "name": "wpackagist-plugin/reveal-template",
            "version": "3.2",
            "source": {
                "type": "svn",
                "url": "https://plugins.svn.wordpress.org/reveal-template/",
                "reference": "tags/3.2"
            },
            "dist": {
                "type": "zip",
                "url": "https://downloads.wordpress.org/plugin/reveal-template.3.2.zip",
                "reference": null,
                "shasum": null
            },
            "require": {
                "composer/installers": "~1.0"
            },
            "type": "wordpress-plugin",
            "homepage": "https://wordpress.org/plugins/reveal-template/"
        }
    ],
    "aliases": [],
    "minimum-stability": "stable",
    "stability-flags": [],
    "prefer-stable": false,
    "prefer-lowest": false,
    "platform": {
        "php": ">=5.6"
    },
    "platform-dev": []
}
